# This file is autogenerated, do not edit; changes may be undone by the next 'dep ensure'.


[[projects]]
  branch = "master"
  name = "github.com/deviceio/hmapi"
  packages = ["."]
  revision = "3eafeb9c08719bda5a0dd0c37ab93804e94ddb39"

[solve-meta]
  analyzer-name = "dep"
  analyzer-version = 1
  inputs-digest = "10b095494e3113a57d601cc28a52d97fab7caed5a28931a8aef42c8aa599e105"
  solver-name = "gps-cdcl"
  solver-version = 1
